
Microsoft Visual Studio Solution File, Format Version 12.00
# Visual Studio 14
VisualStudioVersion = 14.0.25420.1
MinimumVisualStudioVersion = 10.0.40219.1
Project("{FAE04EC0-301F-11D3-BF4B-00C04F79EFBC}") = "AoDeliver", "AoDeliver\AoDeliver.csproj", "{976A608A-F4EA-4521-AF69-2021BD68EC6A}"
EndProject
Project("{FAE04EC0-301F-11D3-BF4B-00C04F79EFBC}") = "CloudDeployLib", "BlobDeliveryLib\CloudDeployLib.csproj", "{079305DB-C6FB-4628-BFAB-DF969EA2B853}"
EndProject
Project("{FAE04EC0-301F-11D3-BF4B-00C04F79EFBC}") = "CloudDeployUI", "CloudDeployUI\CloudDeployUI.csproj", "{0DCA65D4-096F-4EB4-A1BB-885610E31C2D}"
EndProject
Project("{FAE04EC0-301F-11D3-BF4B-00C04F79EFBC}") = "ClientLib", "ClientLib\ClientLib.csproj", "{E039C488-F67F-449A-9ED7-CE0BE189318F}"
EndProject
Project("{FAE04EC0-301F-11D3-BF4B-00C04F79EFBC}") = "CommonLib", "CommonLib\CommonLib.csproj", "{CE47C9C6-7141-4D2D-AAC1-573F4F8D8FDF}"
EndProject
Project("{FAE04EC0-301F-11D3-BF4B-00C04F79EFBC}") = "Test", "Test\Test.csproj", "{E71AEF1D-D449-481D-9297-15DA33437E5D}"
EndProject
Global
	GlobalSection(SolutionConfigurationPlatforms) = preSolution
		Debug|Any CPU = Debug|Any CPU
		Release|Any CPU = Release|Any CPU
	EndGlobalSection
	GlobalSection(ProjectConfigurationPlatforms) = postSolution
		{976A608A-F4EA-4521-AF69-2021BD68EC6A}.Debug|Any CPU.ActiveCfg = Debug|Any CPU
		{976A608A-F4EA-4521-AF69-2021BD68EC6A}.Debug|Any CPU.Build.0 = Debug|Any CPU
		{976A608A-F4EA-4521-AF69-2021BD68EC6A}.Release|Any CPU.ActiveCfg = Release|Any CPU
		{976A608A-F4EA-4521-AF69-2021BD68EC6A}.Release|Any CPU.Build.0 = Release|Any CPU
		{079305DB-C6FB-4628-BFAB-DF969EA2B853}.Debug|Any CPU.ActiveCfg = Debug|Any CPU
		{079305DB-C6FB-4628-BFAB-DF969EA2B853}.Debug|Any CPU.Build.0 = Debug|Any CPU
		{079305DB-C6FB-4628-BFAB-DF969EA2B853}.Release|Any CPU.ActiveCfg = Release|Any CPU
		{079305DB-C6FB-4628-BFAB-DF969EA2B853}.Release|Any CPU.Build.0 = Release|Any CPU
		{0DCA65D4-096F-4EB4-A1BB-885610E31C2D}.Debug|Any CPU.ActiveCfg = Debug|Any CPU
		{0DCA65D4-096F-4EB4-A1BB-885610E31C2D}.Debug|Any CPU.Build.0 = Debug|Any CPU
		{0DCA65D4-096F-4EB4-A1BB-885610E31C2D}.Release|Any CPU.ActiveCfg = Release|Any CPU
		{0DCA65D4-096F-4EB4-A1BB-885610E31C2D}.Release|Any CPU.Build.0 = Release|Any CPU
		{E039C488-F67F-449A-9ED7-CE0BE189318F}.Debug|Any CPU.ActiveCfg = Debug|Any CPU
		{E039C488-F67F-449A-9ED7-CE0BE189318F}.Debug|Any CPU.Build.0 = Debug|Any CPU
		{E039C488-F67F-449A-9ED7-CE0BE189318F}.Release|Any CPU.ActiveCfg = Release|Any CPU
		{E039C488-F67F-449A-9ED7-CE0BE189318F}.Release|Any CPU.Build.0 = Release|Any CPU
		{CE47C9C6-7141-4D2D-AAC1-573F4F8D8FDF}.Debug|Any CPU.ActiveCfg = Debug|Any CPU
		{CE47C9C6-7141-4D2D-AAC1-573F4F8D8FDF}.Debug|Any CPU.Build.0 = Debug|Any CPU
		{CE47C9C6-7141-4D2D-AAC1-573F4F8D8FDF}.Release|Any CPU.ActiveCfg = Release|Any CPU
		{CE47C9C6-7141-4D2D-AAC1-573F4F8D8FDF}.Release|Any CPU.Build.0 = Release|Any CPU
		{E71AEF1D-D449-481D-9297-15DA33437E5D}.Debug|Any CPU.ActiveCfg = Debug|Any CPU
		{E71AEF1D-D449-481D-9297-15DA33437E5D}.Debug|Any CPU.Build.0 = Debug|Any CPU
		{E71AEF1D-D449-481D-9297-15DA33437E5D}.Release|Any CPU.ActiveCfg = Release|Any CPU
		{E71AEF1D-D449-481D-9297-15DA33437E5D}.Release|Any CPU.Build.0 = Release|Any CPU
	EndGlobalSection
	GlobalSection(SolutionProperties) = preSolution
		HideSolutionNode = FALSE
	EndGlobalSection
EndGlobal
